{
  "nodes": {
    "governance": {
      "flake": false,
      "locked": {
        "lastModified": 1784326418,
        "narHash": "sha256-9zI0ek9wfA2m4JVWrlhBWVBZhmXRGuDKZRJyqC/0y4g=",
        "owner": "roccho-dev",
        "repo": "governance",
        "rev": "987d430bc18cffa92e12e33bb37ba97779042472",
        "type": "github"
      },
      "original": {
        "owner": "roccho-dev",
        "ref": "proposals",
        "repo": "governance",
        "type": "github"
      }
    },
    "nixpkgs": {
      "locked": {
        "lastModified": 1781577229,
        "narHash": "sha256-lrp67w8AulE9Ks53n27I45ADSzbOCn4H+CNW1Ck8B+8=",
        "owner": "NixOS",
        "repo": "nixpkgs",
        "rev": "567a49d1913ce81ac6e9582e3553dd90a955875f",
        "type": "github"
      },
      "original": {
        "owner": "NixOS",
        "ref": "nixos-unstable",
        "repo": "nixpkgs",
        "type": "github"
      }
    },
    "root": {
      "inputs": {
        "governance": "governance",
        "nixpkgs": "nixpkgs"
      }
    }
  },
  "root": "root",
  "version": 7
}
