lockfileVersion: '9.0'

settings:
  autoInstallPeers: true
  excludeLinksFromLockfile: false

importers:

  .:
    dependencies:
      '@maxgraph/core':
        specifier: 0.24.0
        version: 0.24.0

packages:

  '@maxgraph/core@0.24.0':
    resolution: {integrity: sha512-OgzCL86pTEa/8MpxbIX44S+xk0qAfmlAu0yZhQ9RFaEB8E5M2rJlPHNWeFpsD/ybWb5J5oPmZYszIcvzG/Kg4g==}

snapshots:

  '@maxgraph/core@0.24.0': {}
